
Microsoft Visual Studio Solution File, Format Version 11.00
# Visual Studio 2010
Project("{FAE04EC0-301F-11D3-BF4B-00C04F79EFBC}") = "ReportWriterWIthoutAbstractFactory", "ReportWriterWIthoutAbstractFactory\ReportWriterWIthoutAbstractFactory.csproj", "{68161C5F-78EC-4ABF-8CBB-33F504100027}"
EndProject
Project("{FAE04EC0-301F-11D3-BF4B-00C04F79EFBC}") = "ReportWriterWithAbstractFactory", "ReportWriterWithAbstractFactory\ReportWriterWithAbstractFactory.csproj", "{AAA7AF83-E765-4B07-AF76-14DDFD0C7E8B}"
EndProject
Global
	GlobalSection(SolutionConfigurationPlatforms) = preSolution
		Debug|Any CPU = Debug|Any CPU
		Release|Any CPU = Release|Any CPU
	EndGlobalSection
	GlobalSection(ProjectConfigurationPlatforms) = postSolution
		{68161C5F-78EC-4ABF-8CBB-33F504100027}.Debug|Any CPU.ActiveCfg = Debug|Any CPU
		{68161C5F-78EC-4ABF-8CBB-33F504100027}.Debug|Any CPU.Build.0 = Debug|Any CPU
		{68161C5F-78EC-4ABF-8CBB-33F504100027}.Release|Any CPU.ActiveCfg = Release|Any CPU
		{68161C5F-78EC-4ABF-8CBB-33F504100027}.Release|Any CPU.Build.0 = Release|Any CPU
		{AAA7AF83-E765-4B07-AF76-14DDFD0C7E8B}.Debug|Any CPU.ActiveCfg = Debug|Any CPU
		{AAA7AF83-E765-4B07-AF76-14DDFD0C7E8B}.Debug|Any CPU.Build.0 = Debug|Any CPU
		{AAA7AF83-E765-4B07-AF76-14DDFD0C7E8B}.Release|Any CPU.ActiveCfg = Release|Any CPU
		{AAA7AF83-E765-4B07-AF76-14DDFD0C7E8B}.Release|Any CPU.Build.0 = Release|Any CPU
	EndGlobalSection
	GlobalSection(SolutionProperties) = preSolution
		HideSolutionNode = FALSE
	EndGlobalSection
EndGlobal
